{
  "version": "5",
  "specifiers": {
    "npm:nostr-tools@^2.10.4": "2.23.3",
    "npm:turndown@^7.2.0": "7.2.2"
  },
  "npm": {
    "@mixmark-io/domino@2.2.0": {
      "integrity": "sha512-Y28PR25bHXUg88kCV7nivXrP2Nj2RueZ3/l/jdx6J9f8J4nsEGcgX0Qe6lt7Pa+J79+kPiJU3LguR6O/6zrLOw=="
    },
    "@noble/ciphers@2.1.1": {
      "integrity": "sha512-bysYuiVfhxNJuldNXlFEitTVdNnYUc+XNJZd7Qm2a5j1vZHgY+fazadNFWFaMK/2vye0JVlxV3gHmC0WDfAOQw=="
    },
    "@noble/curves@2.0.1": {
      "integrity": "sha512-vs1Az2OOTBiP4q0pwjW5aF0xp9n4MxVrmkFBxc6EKZc6ddYx5gaZiAsZoq0uRRXWbi3AT/sBqn05eRPtn1JCPw==",
      "dependencies": [
        "@noble/hashes"
      ]
    },
    "@noble/hashes@2.0.1": {
      "integrity": "sha512-XlOlEbQcE9fmuXxrVTXCTlG2nlRXa9Rj3rr5Ue/+tX+nmkgbX720YHh0VR3hBF9xDvwnb8D2shVGOwNx+ulArw=="
    },
    "@scure/base@2.0.0": {
      "integrity": "sha512-3E1kpuZginKkek01ovG8krQ0Z44E3DHPjc5S2rjJw9lZn3KSQOs8S7wqikF/AH7iRanHypj85uGyxk0XAyC37w=="
    },
    "@scure/bip32@2.0.1": {
      "integrity": "sha512-4Md1NI5BzoVP+bhyJaY3K6yMesEFzNS1sE/cP+9nuvE7p/b0kx9XbpDHHFl8dHtufcbdHRUUQdRqLIPHN/s7yA==",
      "dependencies": [
        "@noble/curves",
        "@noble/hashes",
        "@scure/base"
      ]
    },
    "@scure/bip39@2.0.1": {
      "integrity": "sha512-PsxdFj/d2AcJcZDX1FXN3dDgitDDTmwf78rKZq1a6c1P1Nan1X/Sxc7667zU3U+AN60g7SxxP0YCVw2H/hBycg==",
      "dependencies": [
        "@noble/hashes",
        "@scure/base"
      ]
    },
    "nostr-tools@2.23.3": {
      "integrity": "sha512-AALyt9k8xPdF4UV2mlLJ2mgCn4kpTB0DZ8t2r6wjdUh6anfx2cTVBsHUlo9U0EY/cKC5wcNyiMAmRJV5OVEalA==",
      "dependencies": [
        "@noble/ciphers",
        "@noble/curves",
        "@noble/hashes",
        "@scure/base",
        "@scure/bip32",
        "@scure/bip39",
        "nostr-wasm"
      ]
    },
    "nostr-wasm@0.1.0": {
      "integrity": "sha512-78BTryCLcLYv96ONU8Ws3Q1JzjlAt+43pWQhIl86xZmWeegYCNLPml7yQ+gG3vR6V5h4XGj+TxO+SS5dsThQIA=="
    },
    "turndown@7.2.2": {
      "integrity": "sha512-1F7db8BiExOKxjSMU2b7if62D/XOyQyZbPKq/nUwopfgnHlqXHqQ0lvfUTeUIr1lZJzOPFn43dODyMSIfvWRKQ==",
      "dependencies": [
        "@mixmark-io/domino"
      ]
    }
  },
  "workspace": {
    "dependencies": [
      "npm:nostr-tools@^2.10.4",
      "npm:turndown@^7.2.0"
    ]
  }
}
